{
    "name": "listen-and-decode-example",
    "version": "1.0.0",
    "lockfileVersion": 2,
    "requires": true,
    "packages": {
        "": {
            "name": "listen-and-decode-example",
            "version": "1.0.0",
            "license": "ISC",
            "dependencies": {
                "@tonclient/core": "^1.10.2",
                "@tonclient/lib-node": "^1.10.2",
                "hex2dec": "^1.1.2"
            },
            "devDependencies": {
                "@types/node": "^14.14.31"
            }
        },
        "node_modules/@tonclient/core": {
            "version": "1.14.2",
            "resolved": "https://registry.npmjs.org/@tonclient/core/-/core-1.14.2.tgz",
            "integrity": "sha512-7EL7/x3Q619YIEmF2n4qfGoEDav8qQFD0NVgYeJfHDJntEU0MX3jPmapAOW78rD/RecwoeLbxIQ6nTEKEmqmYA==",
            "engines": {
                "node": ">=6"
            }
        },
        "node_modules/@tonclient/lib-node": {
            "version": "1.14.2",
            "resolved": "https://registry.npmjs.org/@tonclient/lib-node/-/lib-node-1.14.2.tgz",
            "integrity": "sha512-fnsoMNeH7KshfwPprYwU2GwgBIcCHThi8d9DgncCCdQ60AygXowk24nu6WuMrnLYx0kJI6YVLVlDXk5D9izdFg==",
            "hasInstallScript": true,
            "engines": {
                "node": ">=6"
            }
        },
        "node_modules/@types/node": {
            "version": "14.14.44",
            "resolved": "https://registry.npmjs.org/@types/node/-/node-14.14.44.tgz",
            "integrity": "sha512-+gaugz6Oce6ZInfI/tK4Pq5wIIkJMEJUu92RB3Eu93mtj4wjjjz9EB5mLp5s1pSsLXdC/CPut/xF20ZzAQJbTA==",
            "dev": true
        },
        "node_modules/hex2dec": {
            "version": "1.1.2",
            "resolved": "https://registry.npmjs.org/hex2dec/-/hex2dec-1.1.2.tgz",
            "integrity": "sha512-Yu+q/XWr2fFQ11tHxPq4p4EiNkb2y+lAacJNhAdRXVfRIcDH6gi7htWFnnlIzvqHMHoWeIsfXlNAjZInpAOJDA=="
        }
    },
    "dependencies": {
        "@tonclient/core": {
            "version": "1.14.2",
            "resolved": "https://registry.npmjs.org/@tonclient/core/-/core-1.14.2.tgz",
            "integrity": "sha512-7EL7/x3Q619YIEmF2n4qfGoEDav8qQFD0NVgYeJfHDJntEU0MX3jPmapAOW78rD/RecwoeLbxIQ6nTEKEmqmYA=="
        },
        "@tonclient/lib-node": {
            "version": "1.14.2",
            "resolved": "https://registry.npmjs.org/@tonclient/lib-node/-/lib-node-1.14.2.tgz",
            "integrity": "sha512-fnsoMNeH7KshfwPprYwU2GwgBIcCHThi8d9DgncCCdQ60AygXowk24nu6WuMrnLYx0kJI6YVLVlDXk5D9izdFg=="
        },
        "@types/node": {
            "version": "14.14.44",
            "resolved": "https://registry.npmjs.org/@types/node/-/node-14.14.44.tgz",
            "integrity": "sha512-+gaugz6Oce6ZInfI/tK4Pq5wIIkJMEJUu92RB3Eu93mtj4wjjjz9EB5mLp5s1pSsLXdC/CPut/xF20ZzAQJbTA==",
            "dev": true
        },
        "hex2dec": {
            "version": "1.1.2",
            "resolved": "https://registry.npmjs.org/hex2dec/-/hex2dec-1.1.2.tgz",
            "integrity": "sha512-Yu+q/XWr2fFQ11tHxPq4p4EiNkb2y+lAacJNhAdRXVfRIcDH6gi7htWFnnlIzvqHMHoWeIsfXlNAjZInpAOJDA=="
        }
    }
}
